
Microsoft Visual Studio Solution File, Format Version 12.00
# Visual Studio 15
VisualStudioVersion = 15.0.28307.1259
MinimumVisualStudioVersion = 10.0.40219.1
Project("{FAE04EC0-301F-11D3-BF4B-00C04F79EFBC}") = "출퇴근 관리 프로그램", "WindowsFormsApp1\출퇴근 관리 프로그램.csproj", "{DE3AB8A1-A0DD-4A13-85BF-40C5939EC8E4}"
EndProject
Global
	GlobalSection(SolutionConfigurationPlatforms) = preSolution
		Debug|Any CPU = Debug|Any CPU
		Release|Any CPU = Release|Any CPU
	EndGlobalSection
	GlobalSection(ProjectConfigurationPlatforms) = postSolution
		{DE3AB8A1-A0DD-4A13-85BF-40C5939EC8E4}.Debug|Any CPU.ActiveCfg = Debug|Any CPU
		{DE3AB8A1-A0DD-4A13-85BF-40C5939EC8E4}.Debug|Any CPU.Build.0 = Debug|Any CPU
		{DE3AB8A1-A0DD-4A13-85BF-40C5939EC8E4}.Release|Any CPU.ActiveCfg = Release|Any CPU
		{DE3AB8A1-A0DD-4A13-85BF-40C5939EC8E4}.Release|Any CPU.Build.0 = Release|Any CPU
	EndGlobalSection
	GlobalSection(SolutionProperties) = preSolution
		HideSolutionNode = FALSE
	EndGlobalSection
	GlobalSection(ExtensibilityGlobals) = postSolution
		SolutionGuid = {D4E03095-D103-4FB4-AD47-2D166468BD6A}
	EndGlobalSection
EndGlobal
